// !$*UTF8*$!
{
	archiveVersion = 1;
	classes = {
	};
	objectVersion = 77;
	objects = {

/* Begin PBXBuildFile section */
		9E850AEC2EC7735E00BE9E2E /* Assets.xcassets in Resources */ = {isa = PBXBuildFile; fileRef = 9E850AEB2EC7735E00BE9E2E /* Assets.xcassets */; };
		9E850AEF2EC7877D00BE9E2E /* logo-escuro.png in Resources */ = {isa = PBXBuildFile; fileRef = 9E850AEE2EC7877D00BE9E2E /* logo-escuro.png */; };
		9E850AF02EC7877D00BE9E2E /* logo-claro.png in Resources */ = {isa = PBXBuildFile; fileRef = 9E850AED2EC7877D00BE9E2E /* logo-claro.png */; };
		9ECF54B42EB231920044A16C /* LeafyApp.swift in Sources */ = {isa = PBXBuildFile; fileRef = 9ECF54B02EB231910044A16C /* LeafyApp.swift */; };
		9ECF54B52EB231920044A16C /* ContentView.swift in Sources */ = {isa = PBXBuildFile; fileRef = 9ECF54AD2EB231910044A16C /* ContentView.swift */; };
		9ECF54B82EB234D70044A16C /* FirebaseStorage in Frameworks */ = {isa = PBXBuildFile; productRef = 9ECF54B72EB234D70044A16C /* FirebaseStorage */; };
		9EE10AEC2EC8AD70005F9EB4 /* GoogleSignIn in Frameworks */ = {isa = PBXBuildFile; productRef = 9EE10AEB2EC8AD70005F9EB4 /* GoogleSignIn */; };
		9EE10AEE2EC8AD70005F9EB4 /* GoogleSignInSwift in Frameworks */ = {isa = PBXBuildFile; productRef = 9EE10AED2EC8AD70005F9EB4 /* GoogleSignInSwift */; };
		9EE10AF62EC8B6EA005F9EB4 /* GoogleService-Info.plist in Resources */ = {isa = PBXBuildFile; fileRef = 9EE10AF52EC8B6EA005F9EB4 /* GoogleService-Info.plist */; };
		9EFB3BE52EAA4EA600682170 /* FirebaseCore in Frameworks */ = {isa = PBXBuildFile; productRef = 9EFB3BE42EAA4EA600682170 /* FirebaseCore */; };
		9EFB3BE72EAA4EB300682170 /* FirebaseAuth in Frameworks */ = {isa = PBXBuildFile; productRef = 9EFB3BE62EAA4EB300682170 /* FirebaseAuth */; };
		9EFB3BE92EAA4EB800682170 /* FirebaseFirestore in Frameworks */ = {isa = PBXBuildFile; productRef = 9EFB3BE82EAA4EB800682170 /* FirebaseFirestore */; };
/* End PBXBuildFile section */

/* Begin PBXFileReference section */
		0FA3081A21C4A2696AA000F9 /* Pods_Leafy.framework */ = {isa = PBXFileReference; explicitFileType = wrapper.framework; includeInIndex = 0; path = Pods_Leafy.framework; sourceTree = BUILT_PRODUCTS_DIR; };
		9E7472F12EA659B8002A7FBD /* Leafy.app */ = {isa = PBXFileReference; explicitFileType = wrapper.application; includeInIndex = 0; path = Leafy.app; sourceTree = BUILT_PRODUCTS_DIR; };
		9E850AEB2EC7735E00BE9E2E /* Assets.xcassets */ = {isa = PBXFileReference; lastKnownFileType = folder.assetcatalog; path = Assets.xcassets; sourceTree = "<group>"; };
		9E850AED2EC7877D00BE9E2E /* logo-claro.png */ = {isa = PBXFileReference; lastKnownFileType = image.png; path = "logo-claro.png"; sourceTree = "<group>"; };
		9E850AEE2EC7877D00BE9E2E /* logo-escuro.png */ = {isa = PBXFileReference; lastKnownFileType = image.png; path = "logo-escuro.png"; sourceTree = "<group>"; };
		9E850AF12EC7886B00BE9E2E /* Leafy-Info.plist */ = {isa = PBXFileReference; lastKnownFileType = text.plist; path = "Leafy-Info.plist"; sourceTree = "<group>"; };
		9ECF54AD2EB231910044A16C /* ContentView.swift */ = {isa = PBXFileReference; lastKnownFileType = sourcecode.swift; path = ContentView.swift; sourceTree = "<group>"; };
		9ECF54B02EB231910044A16C /* LeafyApp.swift */ = {isa = PBXFileReference; lastKnownFileType = sourcecode.swift; path = LeafyApp.swift; sourceTree = "<group>"; };
		9ECF54BF2EB244EE0044A16C /* Leafy-Bridging-Header.h */ = {isa = PBXFileReference; lastKnownFileType = sourcecode.c.h; path = "Leafy-Bridging-Header.h"; sourceTree = "<group>"; };
		9EE10AF52EC8B6EA005F9EB4 /* GoogleService-Info.plist */ = {isa = PBXFileReference; lastKnownFileType = text.plist.xml; path = "GoogleService-Info.plist"; sourceTree = "<group>"; };
		9EFB3C2E2EAA719E00682170 /* Leafy.xcodeproj */ = {isa = PBXFileReference; lastKnownFileType = "wrapper.pb-project"; path = Leafy.xcodeproj; sourceTree = "<group>"; };
/* End PBXFileReference section */

/* Begin PBXFrameworksBuildPhase section */
		9E7472EE2EA659B8002A7FBD /* Frameworks */ = {
			isa = PBXFrameworksBuildPhase;
			buildActionMask = 2147483647;
			files = (
				9EE10AEC2EC8AD70005F9EB4 /* GoogleSignIn in Frameworks */,
				9EFB3BE52EAA4EA600682170 /* FirebaseCore in Frameworks */,
				9ECF54B82EB234D70044A16C /* FirebaseStorage in Frameworks */,
				9EE10AEE2EC8AD70005F9EB4 /* GoogleSignInSwift in Frameworks */,
				9EFB3BE72EAA4EB300682170 /* FirebaseAuth in Frameworks */,
				9EFB3BE92EAA4EB800682170 /* FirebaseFirestore in Frameworks */,
			);
			runOnlyForDeploymentPostprocessing = 0;
		};
/* End PBXFrameworksBuildPhase section */

/* Begin PBXGroup section */
		9E7472E82EA659B8002A7FBD = {
			isa = PBXGroup;
			children = (
				9E850AF12EC7886B00BE9E2E /* Leafy-Info.plist */,
				9E850AED2EC7877D00BE9E2E /* logo-claro.png */,
				9E850AEE2EC7877D00BE9E2E /* logo-escuro.png */,
				9E850AEB2EC7735E00BE9E2E /* Assets.xcassets */,
				9ECF54BF2EB244EE0044A16C /* Leafy-Bridging-Header.h */,
				9ECF54AD2EB231910044A16C /* ContentView.swift */,
				9ECF54B02EB231910044A16C /* LeafyApp.swift */,
				9EE10AF52EC8B6EA005F9EB4 /* GoogleService-Info.plist */,
				9EFB3BE32EAA4EA600682170 /* Frameworks */,
				9E7472F22EA659B8002A7FBD /* Products */,
			);
			sourceTree = "<group>";
		};
		9E7472F22EA659B8002A7FBD /* Products */ = {
			isa = PBXGroup;
			children = (
				9E7472F12EA659B8002A7FBD /* Leafy.app */,
			);
			name = Products;
			sourceTree = "<group>";
		};
		9EFB3BE32EAA4EA600682170 /* Frameworks */ = {
			isa = PBXGroup;
			children = (
				0FA3081A21C4A2696AA000F9 /* Pods_Leafy.framework */,
			);
			name = Frameworks;
			sourceTree = "<group>";
		};
		9EFB3C2F2EAA719E00682170 /* Products */ = {
			isa = PBXGroup;
			children = (
			);
			name = Products;
			sourceTree = "<group>";
		};
/* End PBXGroup section */

/* Begin PBXNativeTarget section */
		9E7472F02EA659B8002A7FBD /* Leafy */ = {
			isa = PBXNativeTarget;
			buildConfigurationList = 9E7472FC2EA659BA002A7FBD /* Build configuration list for PBXNativeTarget "Leafy" */;
			buildPhases = (
				9E7472ED2EA659B8002A7FBD /* Sources */,
				9E7472EE2EA659B8002A7FBD /* Frameworks */,
				9E7472EF2EA659B8002A7FBD /* Resources */,
			);
			buildRules = (
			);
			dependencies = (
			);
			name = Leafy;
			packageProductDependencies = (
				9EFB3BE42EAA4EA600682170 /* FirebaseCore */,
				9EFB3BE62EAA4EB300682170 /* FirebaseAuth */,
				9EFB3BE82EAA4EB800682170 /* FirebaseFirestore */,
				9ECF54B72EB234D70044A16C /* FirebaseStorage */,
				9EE10AEB2EC8AD70005F9EB4 /* GoogleSignIn */,
				9EE10AED2EC8AD70005F9EB4 /* GoogleSignInSwift */,
			);
			productName = Leafy;
			productReference = 9E7472F12EA659B8002A7FBD /* Leafy.app */;
			productType = "com.apple.product-type.application";
		};
/* End PBXNativeTarget section */

/* Begin PBXProject section */
		9E7472E92EA659B8002A7FBD /* Project object */ = {
			isa = PBXProject;
			attributes = {
				BuildIndependentTargetsInParallel = 1;
				KnownAssetTags = (
					New,
				);
				LastSwiftUpdateCheck = 2600;
				LastUpgradeCheck = 2600;
				TargetAttributes = {
					9E7472F02EA659B8002A7FBD = {
						CreatedOnToolsVersion = 26.0.1;
						LastSwiftMigration = 2600;
					};
				};
			};
			buildConfigurationList = 9E7472EC2EA659B8002A7FBD /* Build configuration list for PBXProject "Leafy" */;
			developmentRegion = en;
			hasScannedForEncodings = 0;
			knownRegions = (
				en,
				Base,
			);
			mainGroup = 9E7472E82EA659B8002A7FBD;
			minimizedProjectReferenceProxies = 1;
			packageReferences = (
				9EFB3BDA2EAA4CE900682170 /* XCRemoteSwiftPackageReference "firebase-ios-sdk" */,
				9EE10AEA2EC8AD70005F9EB4 /* XCRemoteSwiftPackageReference "GoogleSignIn-iOS" */,
			);
			preferredProjectObjectVersion = 77;
			productRefGroup = 9E7472F22EA659B8002A7FBD /* Products */;
			projectDirPath = "";
			projectReferences = (
				{
					ProductGroup = 9EFB3C2F2EAA719E00682170 /* Products */;
					ProjectRef = 9EFB3C2E2EAA719E00682170 /* Leafy.xcodeproj */;
				},
			);
			projectRoot = "";
			targets = (
				9E7472F02EA659B8002A7FBD /* Leafy */,
			);
		};
/* End PBXProject section */

/* Begin PBXResourcesBuildPhase section */
		9E7472EF2EA659B8002A7FBD /* Resources */ = {
			isa = PBXResourcesBuildPhase;
			buildActionMask = 2147483647;
			files = (
				9E850AEF2EC7877D00BE9E2E /* logo-escuro.png in Resources */,
				9EE10AF62EC8B6EA005F9EB4 /* GoogleService-Info.plist in Resources */,
				9E850AF02EC7877D00BE9E2E /* logo-claro.png in Resources */,
				9E850AEC2EC7735E00BE9E2E /* Assets.xcassets in Resources */,
			);
			runOnlyForDeploymentPostprocessing = 0;
		};
/* End PBXResourcesBuildPhase section */

/* Begin PBXSourcesBuildPhase section */
		9E7472ED2EA659B8002A7FBD /* Sources */ = {
			isa = PBXSourcesBuildPhase;
			buildActionMask = 2147483647;
			files = (
				9ECF54B42EB231920044A16C /* LeafyApp.swift in Sources */,
				9ECF54B52EB231920044A16C /* ContentView.swift in Sources */,
			);
			runOnlyForDeploymentPostprocessing = 0;
		};
/* End PBXSourcesBuildPhase section */

/* Begin XCBuildConfiguration section */
		9E7472FA2EA659BA002A7FBD /* Debug */ = {
			isa = XCBuildConfiguration;
			buildSettings = {
				ALWAYS_SEARCH_USER_PATHS = NO;
				ASSETCATALOG_COMPILER_GENERATE_SWIFT_ASSET_SYMBOL_EXTENSIONS = YES;
				CLANG_ANALYZER_NONNULL = YES;
				CLANG_ANALYZER_NUMBER_OBJECT_CONVERSION = YES_AGGRESSIVE;
				CLANG_CXX_LANGUAGE_STANDARD = "gnu++20";
				CLANG_ENABLE_MODULES = YES;
				CLANG_ENABLE_OBJC_ARC = YES;
				CLANG_ENABLE_OBJC_WEAK = YES;
				CLANG_WARN_BLOCK_CAPTURE_AUTORELEASING = YES;
				CLANG_WARN_BOOL_CONVERSION = YES;
				CLANG_WARN_COMMA = YES;
				CLANG_WARN_CONSTANT_CONVERSION = YES;
				CLANG_WARN_DEPRECATED_OBJC_IMPLEMENTATIONS = YES;
				CLANG_WARN_DIRECT_OBJC_ISA_USAGE = YES_ERROR;
				CLANG_WARN_DOCUMENTATION_COMMENTS = YES;
				CLANG_WARN_EMPTY_BODY = YES;
				CLANG_WARN_ENUM_CONVERSION = YES;
				CLANG_WARN_INFINITE_RECURSION = YES;
				CLANG_WARN_INT_CONVERSION = YES;
				CLANG_WARN_NON_LITERAL_NULL_CONVERSION = YES;
				CLANG_WARN_OBJC_IMPLICIT_RETAIN_SELF = YES;
				CLANG_WARN_OBJC_LITERAL_CONVERSION = YES;
				CLANG_WARN_OBJC_ROOT_CLASS = YES_ERROR;
				CLANG_WARN_QUOTED_INCLUDE_IN_FRAMEWORK_HEADER = YES;
				CLANG_WARN_RANGE_LOOP_ANALYSIS = YES;
				CLANG_WARN_STRICT_PROTOTYPES = YES;
				CLANG_WARN_SUSPICIOUS_MOVE = YES;
				CLANG_WARN_UNGUARDED_AVAILABILITY = YES_AGGRESSIVE;
				CLANG_WARN_UNREACHABLE_CODE = YES;
				CLANG_WARN__DUPLICATE_METHOD_MATCH = YES;
				COPY_PHASE_STRIP = NO;
				DEBUG_INFORMATION_FORMAT = dwarf;
				ENABLE_STRICT_OBJC_MSGSEND = YES;
				ENABLE_TESTABILITY = YES;
				ENABLE_USER_SCRIPT_SANDBOXING = YES;
				GCC_C_LANGUAGE_STANDARD = gnu17;
				GCC_DYNAMIC_NO_PIC = NO;
				GCC_NO_COMMON_BLOCKS = YES;
				GCC_OPTIMIZATION_LEVEL = 0;
				GCC_PREPROCESSOR_DEFINITIONS = (
					"DEBUG=1",
					"$(inherited)",
				);
				GCC_WARN_64_TO_32_BIT_CONVERSION = YES;
				GCC_WARN_ABOUT_RETURN_TYPE = YES_ERROR;
				GCC_WARN_UNDECLARED_SELECTOR = YES;
				GCC_WARN_UNINITIALIZED_AUTOS = YES_AGGRESSIVE;
				GCC_WARN_UNUSED_FUNCTION = YES;
				GCC_WARN_UNUSED_VARIABLE = YES;
				IPHONEOS_DEPLOYMENT_TARGET = 26.0;
				LOCALIZATION_PREFERS_STRING_CATALOGS = YES;
				MTL_ENABLE_DEBUG_INFO = INCLUDE_SOURCE;
				MTL_FAST_MATH = YES;
				ONLY_ACTIVE_ARCH = YES;
				SDKROOT = iphoneos;
				SWIFT_ACTIVE_COMPILATION_CONDITIONS = "DEBUG $(inherited)";
				SWIFT_OPTIMIZATION_LEVEL = "-Onone";
			};
			name = Debug;
		};
		9E7472FB2EA659BA002A7FBD /* Release */ = {
			isa = XCBuildConfiguration;
			buildSettings = {
				ALWAYS_SEARCH_USER_PATHS = NO;
				ASSETCATALOG_COMPILER_GENERATE_SWIFT_ASSET_SYMBOL_EXTENSIONS = YES;
				CLANG_ANALYZER_NONNULL = YES;
				CLANG_ANALYZER_NUMBER_OBJECT_CONVERSION = YES_AGGRESSIVE;
				CLANG_CXX_LANGUAGE_STANDARD = "gnu++20";
				CLANG_ENABLE_MODULES = YES;
				CLANG_ENABLE_OBJC_ARC = YES;
				CLANG_ENABLE_OBJC_WEAK = YES;
				CLANG_WARN_BLOCK_CAPTURE_AUTORELEASING = YES;
				CLANG_WARN_BOOL_CONVERSION = YES;
				CLANG_WARN_COMMA = YES;
				CLANG_WARN_CONSTANT_CONVERSION = YES;
				CLANG_WARN_DEPRECATED_OBJC_IMPLEMENTATIONS = YES;
				CLANG_WARN_DIRECT_OBJC_ISA_USAGE = YES_ERROR;
				CLANG_WARN_DOCUMENTATION_COMMENTS = YES;
				CLANG_WARN_EMPTY_BODY = YES;
				CLANG_WARN_ENUM_CONVERSION = YES;
				CLANG_WARN_INFINITE_RECURSION = YES;
				CLANG_WARN_INT_CONVERSION = YES;
				CLANG_WARN_NON_LITERAL_NULL_CONVERSION = YES;
				CLANG_WARN_OBJC_IMPLICIT_RETAIN_SELF = YES;
				CLANG_WARN_OBJC_LITERAL_CONVERSION = YES;
				CLANG_WARN_OBJC_ROOT_CLASS = YES_ERROR;
				CLANG_WARN_QUOTED_INCLUDE_IN_FRAMEWORK_HEADER = YES;
				CLANG_WARN_RANGE_LOOP_ANALYSIS = YES;
				CLANG_WARN_STRICT_PROTOTYPES = YES;
				CLANG_WARN_SUSPICIOUS_MOVE = YES;
				CLANG_WARN_UNGUARDED_AVAILABILITY = YES_AGGRESSIVE;
				CLANG_WARN_UNREACHABLE_CODE = YES;
				CLANG_WARN__DUPLICATE_METHOD_MATCH = YES;
				COPY_PHASE_STRIP = NO;
				DEBUG_INFORMATION_FORMAT = "dwarf-with-dsym";
				ENABLE_NS_ASSERTIONS = NO;
				ENABLE_STRICT_OBJC_MSGSEND = YES;
				ENABLE_USER_SCRIPT_SANDBOXING = YES;
				GCC_C_LANGUAGE_STANDARD = gnu17;
				GCC_NO_COMMON_BLOCKS = YES;
				GCC_WARN_64_TO_32_BIT_CONVERSION = YES;
				GCC_WARN_ABOUT_RETURN_TYPE = YES_ERROR;
				GCC_WARN_UNDECLARED_SELECTOR = YES;
				GCC_WARN_UNINITIALIZED_AUTOS = YES_AGGRESSIVE;
				GCC_WARN_UNUSED_FUNCTION = YES;
				GCC_WARN_UNUSED_VARIABLE = YES;
				IPHONEOS_DEPLOYMENT_TARGET = 26.0;
				LOCALIZATION_PREFERS_STRING_CATALOGS = YES;
				MTL_ENABLE_DEBUG_INFO = NO;
				MTL_FAST_MATH = YES;
				SDKROOT = iphoneos;
				SWIFT_COMPILATION_MODE = wholemodule;
				VALIDATE_PRODUCT = YES;
			};
			name = Release;
		};
		9E7472FD2EA659BA002A7FBD /* Debug */ = {
			isa = XCBuildConfiguration;
			buildSettings = {
				ASSETCATALOG_COMPILER_APPICON_NAME = AppIcon;
				ASSETCATALOG_COMPILER_GLOBAL_ACCENT_COLOR_NAME = AccentColor;
				CLANG_ENABLE_MODULES = YES;
				CODE_SIGN_STYLE = Automatic;
				CURRENT_PROJECT_VERSION = 1;
				ENABLE_PREVIEWS = YES;
				GENERATE_INFOPLIST_FILE = YES;
				INFOPLIST_FILE = "Leafy-Info.plist";
				INFOPLIST_KEY_LSApplicationCategoryType = "public.app-category.education";
				INFOPLIST_KEY_UIApplicationSupportsIndirectInputEvents = YES;
				INFOPLIST_KEY_UIRequiredDeviceCapabilities = armv7;
				INFOPLIST_KEY_UISupportedInterfaceOrientations = UIInterfaceOrientationPortrait;
				INFOPLIST_KEY_UISupportedInterfaceOrientations_iPad = UIInterfaceOrientationPortrait;
				INFOPLIST_KEY_UISupportedInterfaceOrientations_iPhone = "UIInterfaceOrientationPortrait UIInterfaceOrientationLandscapeLeft UIInterfaceOrientationLandscapeRight";
				IPHONEOS_DEPLOYMENT_TARGET = 18.6;
				LD_RUNPATH_SEARCH_PATHS = (
					"$(inherited)",
					"@executable_path/Frameworks",
				);
				MARKETING_VERSION = 1.0;
				PRODUCT_BUNDLE_IDENTIFIER = com.projectsleafy.Leafy;
				PRODUCT_NAME = "$(TARGET_NAME)";
				STRING_CATALOG_GENERATE_SYMBOLS = YES;
				SWIFT_APPROACHABLE_CONCURRENCY = YES;
				SWIFT_DEFAULT_ACTOR_ISOLATION = MainActor;
				SWIFT_EMIT_LOC_STRINGS = YES;
				SWIFT_OBJC_BRIDGING_HEADER = "Leafy-Bridging-Header.h";
				SWIFT_OPTIMIZATION_LEVEL = "-Onone";
				SWIFT_UPCOMING_FEATURE_MEMBER_IMPORT_VISIBILITY = YES;
				SWIFT_VERSION = 5.0;
				TARGETED_DEVICE_FAMILY = "1,2";
			};
			name = Debug;
		};
		9E7472FE2EA659BA002A7FBD /* Release */ = {
			isa = XCBuildConfiguration;
			buildSettings = {
				ASSETCATALOG_COMPILER_APPICON_NAME = AppIcon;
				ASSETCATALOG_COMPILER_GLOBAL_ACCENT_COLOR_NAME = AccentColor;
				CLANG_ENABLE_MODULES = YES;
				CODE_SIGN_STYLE = Automatic;
				CURRENT_PROJECT_VERSION = 1;
				ENABLE_PREVIEWS = YES;
				GENERATE_INFOPLIST_FILE = YES;
				INFOPLIST_FILE = "Leafy-Info.plist";
				INFOPLIST_KEY_LSApplicationCategoryType = "public.app-category.education";
				INFOPLIST_KEY_UIApplicationSupportsIndirectInputEvents = YES;
				INFOPLIST_KEY_UIRequiredDeviceCapabilities = armv7;
				INFOPLIST_KEY_UISupportedInterfaceOrientations = UIInterfaceOrientationPortrait;
				INFOPLIST_KEY_UISupportedInterfaceOrientations_iPad = UIInterfaceOrientationPortrait;
				INFOPLIST_KEY_UISupportedInterfaceOrientations_iPhone = "UIInterfaceOrientationPortrait UIInterfaceOrientationLandscapeLeft UIInterfaceOrientationLandscapeRight";
				IPHONEOS_DEPLOYMENT_TARGET = 18.6;
				LD_RUNPATH_SEARCH_PATHS = (
					"$(inherited)",
					"@executable_path/Frameworks",
				);
				MARKETING_VERSION = 1.0;
				PRODUCT_BUNDLE_IDENTIFIER = com.projectsleafy.Leafy;
				PRODUCT_NAME = "$(TARGET_NAME)";
				STRING_CATALOG_GENERATE_SYMBOLS = YES;
				SWIFT_APPROACHABLE_CONCURRENCY = YES;
				SWIFT_DEFAULT_ACTOR_ISOLATION = MainActor;
				SWIFT_EMIT_LOC_STRINGS = YES;
				SWIFT_OBJC_BRIDGING_HEADER = "Leafy-Bridging-Header.h";
				SWIFT_UPCOMING_FEATURE_MEMBER_IMPORT_VISIBILITY = YES;
				SWIFT_VERSION = 5.0;
				TARGETED_DEVICE_FAMILY = "1,2";
			};
			name = Release;
		};
/* End XCBuildConfiguration section */

/* Begin XCConfigurationList section */
		9E7472EC2EA659B8002A7FBD /* Build configuration list for PBXProject "Leafy" */ = {
			isa = XCConfigurationList;
			buildConfigurations = (
				9E7472FA2EA659BA002A7FBD /* Debug */,
				9E7472FB2EA659BA002A7FBD /* Release */,
			);
			defaultConfigurationIsVisible = 0;
			defaultConfigurationName = Release;
		};
		9E7472FC2EA659BA002A7FBD /* Build configuration list for PBXNativeTarget "Leafy" */ = {
			isa = XCConfigurationList;
			buildConfigurations = (
				9E7472FD2EA659BA002A7FBD /* Debug */,
				9E7472FE2EA659BA002A7FBD /* Release */,
			);
			defaultConfigurationIsVisible = 0;
			defaultConfigurationName = Release;
		};
/* End XCConfigurationList section */

/* Begin XCRemoteSwiftPackageReference section */
		9EE10AEA2EC8AD70005F9EB4 /* XCRemoteSwiftPackageReference "GoogleSignIn-iOS" */ = {
			isa = XCRemoteSwiftPackageReference;
			repositoryURL = "https://github.com/google/GoogleSignIn-iOS.git";
			requirement = {
				kind = upToNextMajorVersion;
				minimumVersion = 9.0.0;
			};
		};
		9EFB3BDA2EAA4CE900682170 /* XCRemoteSwiftPackageReference "firebase-ios-sdk" */ = {
			isa = XCRemoteSwiftPackageReference;
			repositoryURL = "https://github.com/firebase/firebase-ios-sdk";
			requirement = {
				kind = upToNextMajorVersion;
				minimumVersion = 12.4.0;
			};
		};
/* End XCRemoteSwiftPackageReference section */

/* Begin XCSwiftPackageProductDependency section */
		9ECF54B72EB234D70044A16C /* FirebaseStorage */ = {
			isa = XCSwiftPackageProductDependency;
			package = 9EFB3BDA2EAA4CE900682170 /* XCRemoteSwiftPackageReference "firebase-ios-sdk" */;
			productName = FirebaseStorage;
		};
		9EE10AEB2EC8AD70005F9EB4 /* GoogleSignIn */ = {
			isa = XCSwiftPackageProductDependency;
			package = 9EE10AEA2EC8AD70005F9EB4 /* XCRemoteSwiftPackageReference "GoogleSignIn-iOS" */;
			productName = GoogleSignIn;
		};
		9EE10AED2EC8AD70005F9EB4 /* GoogleSignInSwift */ = {
			isa = XCSwiftPackageProductDependency;
			package = 9EE10AEA2EC8AD70005F9EB4 /* XCRemoteSwiftPackageReference "GoogleSignIn-iOS" */;
			productName = GoogleSignInSwift;
		};
		9EFB3BE42EAA4EA600682170 /* FirebaseCore */ = {
			isa = XCSwiftPackageProductDependency;
			package = 9EFB3BDA2EAA4CE900682170 /* XCRemoteSwiftPackageReference "firebase-ios-sdk" */;
			productName = FirebaseCore;
		};
		9EFB3BE62EAA4EB300682170 /* FirebaseAuth */ = {
			isa = XCSwiftPackageProductDependency;
			package = 9EFB3BDA2EAA4CE900682170 /* XCRemoteSwiftPackageReference "firebase-ios-sdk" */;
			productName = FirebaseAuth;
		};
		9EFB3BE82EAA4EB800682170 /* FirebaseFirestore */ = {
			isa = XCSwiftPackageProductDependency;
			package = 9EFB3BDA2EAA4CE900682170 /* XCRemoteSwiftPackageReference "firebase-ios-sdk" */;
			productName = FirebaseFirestore;
		};
/* End XCSwiftPackageProductDependency section */
	};
	rootObject = 9E7472E92EA659B8002A7FBD /* Project object */;
}
